// !$*UTF8*$!
{
	archiveVersion = 1;
	classes = {
	};
	objectVersion = 50;
	objects = {

/* Begin PBXBuildFile section */
		8C4AD9C420C6DAD400343050 /* AppDelegate.m in Sources */ = {isa = PBXBuildFile; fileRef = 8C4AD9C320C6DAD400343050 /* AppDelegate.m */; };
		8C4AD9C720C6DAD400343050 /* ViewController.m in Sources */ = {isa = PBXBuildFile; fileRef = 8C4AD9C620C6DAD400343050 /* ViewController.m */; };
		8C4AD9CA20C6DAD400343050 /* Main.storyboard in Resources */ = {isa = PBXBuildFile; fileRef = 8C4AD9C820C6DAD400343050 /* Main.storyboard */; };
		8C4AD9CC20C6DAD600343050 /* Assets.xcassets in Resources */ = {isa = PBXBuildFile; fileRef = 8C4AD9CB20C6DAD600343050 /* Assets.xcassets */; };
		8C4AD9CF20C6DAD600343050 /* LaunchScreen.storyboard in Resources */ = {isa = PBXBuildFile; fileRef = 8C4AD9CD20C6DAD600343050 /* LaunchScreen.storyboard */; };
		8C4AD9D220C6DAD600343050 /* main.m in Sources */ = {isa = PBXBuildFile; fileRef = 8C4AD9D120C6DAD600343050 /* main.m */; };
		8C7BC6F520D357F6002CD471 /* LXAlertViewCell.m in Sources */ = {isa = PBXBuildFile; fileRef = 8C7BC6F120D357F6002CD471 /* LXAlertViewCell.m */; };
		8C7BC6F620D357F6002CD471 /* LXAlertController.m in Sources */ = {isa = PBXBuildFile; fileRef = 8C7BC6F320D357F6002CD471 /* LXAlertController.m */; };
		F48074AC08A8EF2DE235165F /* libPods-LXAlertView.a in Frameworks */ = {isa = PBXBuildFile; fileRef = B48080D76F459484D9C2B81A /* libPods-LXAlertView.a */; };
/* End PBXBuildFile section */

/* Begin PBXFileReference section */
		06FEB6C0000643C2AA141B36 /* Pods-LXAlertView.debug.xcconfig */ = {isa = PBXFileReference; includeInIndex = 1; lastKnownFileType = text.xcconfig; name = "Pods-LXAlertView.debug.xcconfig"; path = "Pods/Target Support Files/Pods-LXAlertView/Pods-LXAlertView.debug.xcconfig"; sourceTree = "<group>"; };
		8C4AD9BF20C6DAD400343050 /* LXAlertView.app */ = {isa = PBXFileReference; explicitFileType = wrapper.application; includeInIndex = 0; path = LXAlertView.app; sourceTree = BUILT_PRODUCTS_DIR; };
		8C4AD9C220C6DAD400343050 /* AppDelegate.h */ = {isa = PBXFileReference; lastKnownFileType = sourcecode.c.h; path = AppDelegate.h; sourceTree = "<group>"; };
		8C4AD9C320C6DAD400343050 /* AppDelegate.m */ = {isa = PBXFileReference; lastKnownFileType = sourcecode.c.objc; path = AppDelegate.m; sourceTree = "<group>"; };
		8C4AD9C520C6DAD400343050 /* ViewController.h */ = {isa = PBXFileReference; lastKnownFileType = sourcecode.c.h; path = ViewController.h; sourceTree = "<group>"; };
		8C4AD9C620C6DAD400343050 /* ViewController.m */ = {isa = PBXFileReference; lastKnownFileType = sourcecode.c.objc; path = ViewController.m; sourceTree = "<group>"; };
		8C4AD9C920C6DAD400343050 /* Base */ = {isa = PBXFileReference; lastKnownFileType = file.storyboard; name = Base; path = Base.lproj/Main.storyboard; sourceTree = "<group>"; };
		8C4AD9CB20C6DAD600343050 /* Assets.xcassets */ = {isa = PBXFileReference; lastKnownFileType = folder.assetcatalog; path = Assets.xcassets; sourceTree = "<group>"; };
		8C4AD9CE20C6DAD600343050 /* Base */ = {isa = PBXFileReference; lastKnownFileType = file.storyboard; name = Base; path = Base.lproj/LaunchScreen.storyboard; sourceTree = "<group>"; };
		8C4AD9D020C6DAD600343050 /* Info.plist */ = {isa = PBXFileReference; lastKnownFileType = text.plist.xml; path = Info.plist; sourceTree = "<group>"; };
		8C4AD9D120C6DAD600343050 /* main.m */ = {isa = PBXFileReference; lastKnownFileType = sourcecode.c.objc; path = main.m; sourceTree = "<group>"; };
		8C7BC6F120D357F6002CD471 /* LXAlertViewCell.m */ = {isa = PBXFileReference; fileEncoding = 4; lastKnownFileType = sourcecode.c.objc; name = LXAlertViewCell.m; path = ../../../Pod/Classes/LXAlertViewCell.m; sourceTree = "<group>"; };
		8C7BC6F220D357F6002CD471 /* LXAlertController.h */ = {isa = PBXFileReference; fileEncoding = 4; lastKnownFileType = sourcecode.c.h; name = LXAlertController.h; path = ../../../Pod/Classes/LXAlertController.h; sourceTree = "<group>"; };
		8C7BC6F320D357F6002CD471 /* LXAlertController.m */ = {isa = PBXFileReference; fileEncoding = 4; lastKnownFileType = sourcecode.c.objc; name = LXAlertController.m; path = ../../../Pod/Classes/LXAlertController.m; sourceTree = "<group>"; };
		8C7BC6F420D357F6002CD471 /* LXAlertViewCell.h */ = {isa = PBXFileReference; fileEncoding = 4; lastKnownFileType = sourcecode.c.h; name = LXAlertViewCell.h; path = ../../../Pod/Classes/LXAlertViewCell.h; sourceTree = "<group>"; };
		9C20AEA2686996C1E2569B75 /* Pods-LXAlertView.release.xcconfig */ = {isa = PBXFileReference; includeInIndex = 1; lastKnownFileType = text.xcconfig; name = "Pods-LXAlertView.release.xcconfig"; path = "Pods/Target Support Files/Pods-LXAlertView/Pods-LXAlertView.release.xcconfig"; sourceTree = "<group>"; };
		B48080D76F459484D9C2B81A /* libPods-LXAlertView.a */ = {isa = PBXFileReference; explicitFileType = archive.ar; includeInIndex = 0; path = "libPods-LXAlertView.a"; sourceTree = BUILT_PRODUCTS_DIR; };
/* End PBXFileReference section */

/* Begin PBXFrameworksBuildPhase section */
		8C4AD9BC20C6DAD400343050 /* Frameworks */ = {
			isa = PBXFrameworksBuildPhase;
			buildActionMask = 2147483647;
			files = (
				F48074AC08A8EF2DE235165F /* libPods-LXAlertView.a in Frameworks */,
			);
			runOnlyForDeploymentPostprocessing = 0;
		};
/* End PBXFrameworksBuildPhase section */

/* Begin PBXGroup section */
		0E01E1FA1A840656842B0DBF /* Pods */ = {
			isa = PBXGroup;
			children = (
				06FEB6C0000643C2AA141B36 /* Pods-LXAlertView.debug.xcconfig */,
				9C20AEA2686996C1E2569B75 /* Pods-LXAlertView.release.xcconfig */,
			);
			name = Pods;
			sourceTree = "<group>";
		};
		8C4AD9B620C6DAD400343050 = {
			isa = PBXGroup;
			children = (
				8C4AD9C120C6DAD400343050 /* LXAlertView */,
				8C4AD9C020C6DAD400343050 /* Products */,
				0E01E1FA1A840656842B0DBF /* Pods */,
				C7C467F0CACD443865098F74 /* Frameworks */,
			);
			sourceTree = "<group>";
		};
		8C4AD9C020C6DAD400343050 /* Products */ = {
			isa = PBXGroup;
			children = (
				8C4AD9BF20C6DAD400343050 /* LXAlertView.app */,
			);
			name = Products;
			sourceTree = "<group>";
		};
		8C4AD9C120C6DAD400343050 /* LXAlertView */ = {
			isa = PBXGroup;
			children = (
				8C4AD9C220C6DAD400343050 /* AppDelegate.h */,
				8C4AD9C320C6DAD400343050 /* AppDelegate.m */,
				8C4AD9C520C6DAD400343050 /* ViewController.h */,
				8C4AD9C620C6DAD400343050 /* ViewController.m */,
				8C7BC6F020D357DD002CD471 /* LXAlertController */,
				8C4AD9C820C6DAD400343050 /* Main.storyboard */,
				8C4AD9CB20C6DAD600343050 /* Assets.xcassets */,
				8C4AD9CD20C6DAD600343050 /* LaunchScreen.storyboard */,
				8C4AD9D020C6DAD600343050 /* Info.plist */,
				8C4AD9D120C6DAD600343050 /* main.m */,
			);
			path = LXAlertView;
			sourceTree = "<group>";
		};
		8C7BC6F020D357DD002CD471 /* LXAlertController */ = {
			isa = PBXGroup;
			children = (
				8C7BC6F220D357F6002CD471 /* LXAlertController.h */,
				8C7BC6F320D357F6002CD471 /* LXAlertController.m */,
				8C7BC6F420D357F6002CD471 /* LXAlertViewCell.h */,
				8C7BC6F120D357F6002CD471 /* LXAlertViewCell.m */,
			);
			path = LXAlertController;
			sourceTree = "<group>";
		};
		C7C467F0CACD443865098F74 /* Frameworks */ = {
			isa = PBXGroup;
			children = (
				B48080D76F459484D9C2B81A /* libPods-LXAlertView.a */,
			);
			name = Frameworks;
			sourceTree = "<group>";
		};
/* End PBXGroup section */

/* Begin PBXNativeTarget section */
		8C4AD9BE20C6DAD400343050 /* LXAlertView */ = {
			isa = PBXNativeTarget;
			buildConfigurationList = 8C4AD9D520C6DAD600343050 /* Build configuration list for PBXNativeTarget "LXAlertView" */;
			buildPhases = (
				BDE1243E11478DB0298B1AAD /* [CP] Check Pods Manifest.lock */,
				8C4AD9BB20C6DAD400343050 /* Sources */,
				8C4AD9BC20C6DAD400343050 /* Frameworks */,
				8C4AD9BD20C6DAD400343050 /* Resources */,
			);
			buildRules = (
			);
			dependencies = (
			);
			name = LXAlertView;
			productName = LXAlertView;
			productReference = 8C4AD9BF20C6DAD400343050 /* LXAlertView.app */;
			productType = "com.apple.product-type.application";
		};
/* End PBXNativeTarget section */

/* Begin PBXProject section */
		8C4AD9B720C6DAD400343050 /* Project object */ = {
			isa = PBXProject;
			attributes = {
				LastUpgradeCheck = 0940;
				ORGANIZATIONNAME = lx;
				TargetAttributes = {
					8C4AD9BE20C6DAD400343050 = {
						CreatedOnToolsVersion = 9.4;
					};
				};
			};
			buildConfigurationList = 8C4AD9BA20C6DAD400343050 /* Build configuration list for PBXProject "LXAlertView" */;
			compatibilityVersion = "Xcode 9.3";
			developmentRegion = en;
			hasScannedForEncodings = 0;
			knownRegions = (
				en,
				Base,
			);
			mainGroup = 8C4AD9B620C6DAD400343050;
			productRefGroup = 8C4AD9C020C6DAD400343050 /* Products */;
			projectDirPath = "";
			projectRoot = "";
			targets = (
				8C4AD9BE20C6DAD400343050 /* LXAlertView */,
			);
		};
/* End PBXProject section */

/* Begin PBXResourcesBuildPhase section */
		8C4AD9BD20C6DAD400343050 /* Resources */ = {
			isa = PBXResourcesBuildPhase;
			buildActionMask = 2147483647;
			files = (
				8C4AD9CF20C6DAD600343050 /* LaunchScreen.storyboard in Resources */,
				8C4AD9CC20C6DAD600343050 /* Assets.xcassets in Resources */,
				8C4AD9CA20C6DAD400343050 /* Main.storyboard in Resources */,
			);
			runOnlyForDeploymentPostprocessing = 0;
		};
/* End PBXResourcesBuildPhase section */

/* Begin PBXShellScriptBuildPhase section */
		BDE1243E11478DB0298B1AAD /* [CP] Check Pods Manifest.lock */ = {
			isa = PBXShellScriptBuildPhase;
			buildActionMask = 2147483647;
			files = (
			);
			inputPaths = (
				"${PODS_PODFILE_DIR_PATH}/Podfile.lock",
				"${PODS_ROOT}/Manifest.lock",
			);
			name = "[CP] Check Pods Manifest.lock";
			outputPaths = (
				"$(DERIVED_FILE_DIR)/Pods-LXAlertView-checkManifestLockResult.txt",
			);
			runOnlyForDeploymentPostprocessing = 0;
			shellPath = /bin/sh;
			shellScript = "diff \"${PODS_PODFILE_DIR_PATH}/Podfile.lock\" \"${PODS_ROOT}/Manifest.lock\" > /dev/null\nif [ $? != 0 ] ; then\n    # print error to STDERR\n    echo \"error: The sandbox is not in sync with the Podfile.lock. Run 'pod install' or update your CocoaPods installation.\" >&2\n    exit 1\nfi\n# This output is used by Xcode 'outputs' to avoid re-running this script phase.\necho \"SUCCESS\" > \"${SCRIPT_OUTPUT_FILE_0}\"\n";
			showEnvVarsInLog = 0;
		};
/* End PBXShellScriptBuildPhase section */

/* Begin PBXSourcesBuildPhase section */
		8C4AD9BB20C6DAD400343050 /* Sources */ = {
			isa = PBXSourcesBuildPhase;
			buildActionMask = 2147483647;
			files = (
				8C7BC6F620D357F6002CD471 /* LXAlertController.m in Sources */,
				8C4AD9C720C6DAD400343050 /* ViewController.m in Sources */,
				8C4AD9D220C6DAD600343050 /* main.m in Sources */,
				8C4AD9C420C6DAD400343050 /* AppDelegate.m in Sources */,
				8C7BC6F520D357F6002CD471 /* LXAlertViewCell.m in Sources */,
			);
			runOnlyForDeploymentPostprocessing = 0;
		};
/* End PBXSourcesBuildPhase section */

/* Begin PBXVariantGroup section */
		8C4AD9C820C6DAD400343050 /* Main.storyboard */ = {
			isa = PBXVariantGroup;
			children = (
				8C4AD9C920C6DAD400343050 /* Base */,
			);
			name = Main.storyboard;
			sourceTree = "<group>";
		};
		8C4AD9CD20C6DAD600343050 /* LaunchScreen.storyboard */ = {
			isa = PBXVariantGroup;
			children = (
				8C4AD9CE20C6DAD600343050 /* Base */,
			);
			name = LaunchScreen.storyboard;
			sourceTree = "<group>";
		};
/* End PBXVariantGroup section */

/* Begin XCBuildConfiguration section */
		8C4AD9D320C6DAD600343050 /* Debug */ = {
			isa = XCBuildConfiguration;
			buildSettings = {
				ALWAYS_SEARCH_USER_PATHS = NO;
				CLANG_ANALYZER_NONNULL = YES;
				CLANG_ANALYZER_NUMBER_OBJECT_CONVERSION = YES_AGGRESSIVE;
				CLANG_CXX_LANGUAGE_STANDARD = "gnu++14";
				CLANG_CXX_LIBRARY = "libc++";
				CLANG_ENABLE_MODULES = YES;
				CLANG_ENABLE_OBJC_ARC = YES;
				CLANG_ENABLE_OBJC_WEAK = YES;
				CLANG_WARN_BLOCK_CAPTURE_AUTORELEASING = YES;
				CLANG_WARN_BOOL_CONVERSION = YES;
				CLANG_WARN_COMMA = YES;
				CLANG_WARN_CONSTANT_CONVERSION = YES;
				CLANG_WARN_DEPRECATED_OBJC_IMPLEMENTATIONS = YES;
				CLANG_WARN_DIRECT_OBJC_ISA_USAGE = YES_ERROR;
				CLANG_WARN_DOCUMENTATION_COMMENTS = YES;
				CLANG_WARN_EMPTY_BODY = YES;
				CLANG_WARN_ENUM_CONVERSION = YES;
				CLANG_WARN_INFINITE_RECURSION = YES;
				CLANG_WARN_INT_CONVERSION = YES;
				CLANG_WARN_NON_LITERAL_NULL_CONVERSION = YES;
				CLANG_WARN_OBJC_IMPLICIT_RETAIN_SELF = YES;
				CLANG_WARN_OBJC_LITERAL_CONVERSION = YES;
				CLANG_WARN_OBJC_ROOT_CLASS = YES_ERROR;
				CLANG_WARN_RANGE_LOOP_ANALYSIS = YES;
				CLANG_WARN_STRICT_PROTOTYPES = YES;
				CLANG_WARN_SUSPICIOUS_MOVE = YES;
				CLANG_WARN_UNGUARDED_AVAILABILITY = YES_AGGRESSIVE;
				CLANG_WARN_UNREACHABLE_CODE = YES;
				CLANG_WARN__DUPLICATE_METHOD_MATCH = YES;
				CODE_SIGN_IDENTITY = "iPhone Developer";
				COPY_PHASE_STRIP = NO;
				DEBUG_INFORMATION_FORMAT = dwarf;
				ENABLE_STRICT_OBJC_MSGSEND = YES;
				ENABLE_TESTABILITY = YES;
				GCC_C_LANGUAGE_STANDARD = gnu11;
				GCC_DYNAMIC_NO_PIC = NO;
				GCC_NO_COMMON_BLOCKS = YES;
				GCC_OPTIMIZATION_LEVEL = 0;
				GCC_PREPROCESSOR_DEFINITIONS = (
					"DEBUG=1",
					"$(inherited)",
				);
				GCC_WARN_64_TO_32_BIT_CONVERSION = YES;
				GCC_WARN_ABOUT_RETURN_TYPE = YES_ERROR;
				GCC_WARN_UNDECLARED_SELECTOR = YES;
				GCC_WARN_UNINITIALIZED_AUTOS = YES_AGGRESSIVE;
				GCC_WARN_UNUSED_FUNCTION = YES;
				GCC_WARN_UNUSED_VARIABLE = YES;
				IPHONEOS_DEPLOYMENT_TARGET = 11.4;
				MTL_ENABLE_DEBUG_INFO = YES;
				ONLY_ACTIVE_ARCH = YES;
				SDKROOT = iphoneos;
			};
			name = Debug;
		};
		8C4AD9D420C6DAD600343050 /* Release */ = {
			isa = XCBuildConfiguration;
			buildSettings = {
				ALWAYS_SEARCH_USER_PATHS = NO;
				CLANG_ANALYZER_NONNULL = YES;
				CLANG_ANALYZER_NUMBER_OBJECT_CONVERSION = YES_AGGRESSIVE;
				CLANG_CXX_LANGUAGE_STANDARD = "gnu++14";
				CLANG_CXX_LIBRARY = "libc++";
				CLANG_ENABLE_MODULES = YES;
				CLANG_ENABLE_OBJC_ARC = YES;
				CLANG_ENABLE_OBJC_WEAK = YES;
				CLANG_WARN_BLOCK_CAPTURE_AUTORELEASING = YES;
				CLANG_WARN_BOOL_CONVERSION = YES;
				CLANG_WARN_COMMA = YES;
				CLANG_WARN_CONSTANT_CONVERSION = YES;
				CLANG_WARN_DEPRECATED_OBJC_IMPLEMENTATIONS = YES;
				CLANG_WARN_DIRECT_OBJC_ISA_USAGE = YES_ERROR;
				CLANG_WARN_DOCUMENTATION_COMMENTS = YES;
				CLANG_WARN_EMPTY_BODY = YES;
				CLANG_WARN_ENUM_CONVERSION = YES;
				CLANG_WARN_INFINITE_RECURSION = YES;
				CLANG_WARN_INT_CONVERSION = YES;
				CLANG_WARN_NON_LITERAL_NULL_CONVERSION = YES;
				CLANG_WARN_OBJC_IMPLICIT_RETAIN_SELF = YES;
				CLANG_WARN_OBJC_LITERAL_CONVERSION = YES;
				CLANG_WARN_OBJC_ROOT_CLASS = YES_ERROR;
				CLANG_WARN_RANGE_LOOP_ANALYSIS = YES;
				CLANG_WARN_STRICT_PROTOTYPES = YES;
				CLANG_WARN_SUSPICIOUS_MOVE = YES;
				CLANG_WARN_UNGUARDED_AVAILABILITY = YES_AGGRESSIVE;
				CLANG_WARN_UNREACHABLE_CODE = YES;
				CLANG_WARN__DUPLICATE_METHOD_MATCH = YES;
				CODE_SIGN_IDENTITY = "iPhone Developer";
				COPY_PHASE_STRIP = NO;
				DEBUG_INFORMATION_FORMAT = "dwarf-with-dsym";
				ENABLE_NS_ASSERTIONS = NO;
				ENABLE_STRICT_OBJC_MSGSEND = YES;
				GCC_C_LANGUAGE_STANDARD = gnu11;
				GCC_NO_COMMON_BLOCKS = YES;
				GCC_WARN_64_TO_32_BIT_CONVERSION = YES;
				GCC_WARN_ABOUT_RETURN_TYPE = YES_ERROR;
				GCC_WARN_UNDECLARED_SELECTOR = YES;
				GCC_WARN_UNINITIALIZED_AUTOS = YES_AGGRESSIVE;
				GCC_WARN_UNUSED_FUNCTION = YES;
				GCC_WARN_UNUSED_VARIABLE = YES;
				IPHONEOS_DEPLOYMENT_TARGET = 11.4;
				MTL_ENABLE_DEBUG_INFO = NO;
				SDKROOT = iphoneos;
				VALIDATE_PRODUCT = YES;
			};
			name = Release;
		};
		8C4AD9D620C6DAD600343050 /* Debug */ = {
			isa = XCBuildConfiguration;
			baseConfigurationReference = 06FEB6C0000643C2AA141B36 /* Pods-LXAlertView.debug.xcconfig */;
			buildSettings = {
				ASSETCATALOG_COMPILER_APPICON_NAME = AppIcon;
				CODE_SIGN_STYLE = Automatic;
				INFOPLIST_FILE = LXAlertView/Info.plist;
				IPHONEOS_DEPLOYMENT_TARGET = 9.0;
				LD_RUNPATH_SEARCH_PATHS = (
					"$(inherited)",
					"@executable_path/Frameworks",
				);
				PRODUCT_BUNDLE_IDENTIFIER = com.lx.LXAlertView;
				PRODUCT_NAME = "$(TARGET_NAME)";
				TARGETED_DEVICE_FAMILY = 1;
			};
			name = Debug;
		};
		8C4AD9D720C6DAD600343050 /* Release */ = {
			isa = XCBuildConfiguration;
			baseConfigurationReference = 9C20AEA2686996C1E2569B75 /* Pods-LXAlertView.release.xcconfig */;
			buildSettings = {
				ASSETCATALOG_COMPILER_APPICON_NAME = AppIcon;
				CODE_SIGN_STYLE = Automatic;
				INFOPLIST_FILE = LXAlertView/Info.plist;
				IPHONEOS_DEPLOYMENT_TARGET = 9.0;
				LD_RUNPATH_SEARCH_PATHS = (
					"$(inherited)",
					"@executable_path/Frameworks",
				);
				PRODUCT_BUNDLE_IDENTIFIER = com.lx.LXAlertView;
				PRODUCT_NAME = "$(TARGET_NAME)";
				TARGETED_DEVICE_FAMILY = 1;
			};
			name = Release;
		};
/* End XCBuildConfiguration section */

/* Begin XCConfigurationList section */
		8C4AD9BA20C6DAD400343050 /* Build configuration list for PBXProject "LXAlertView" */ = {
			isa = XCConfigurationList;
			buildConfigurations = (
				8C4AD9D320C6DAD600343050 /* Debug */,
				8C4AD9D420C6DAD600343050 /* Release */,
			);
			defaultConfigurationIsVisible = 0;
			defaultConfigurationName = Release;
		};
		8C4AD9D520C6DAD600343050 /* Build configuration list for PBXNativeTarget "LXAlertView" */ = {
			isa = XCConfigurationList;
			buildConfigurations = (
				8C4AD9D620C6DAD600343050 /* Debug */,
				8C4AD9D720C6DAD600343050 /* Release */,
			);
			defaultConfigurationIsVisible = 0;
			defaultConfigurationName = Release;
		};
/* End XCConfigurationList section */
	};
	rootObject = 8C4AD9B720C6DAD400343050 /* Project object */;
}
